
Microsoft Visual Studio Solution File, Format Version 12.00
# Visual Studio 15
VisualStudioVersion = 15.0.28307.1778
MinimumVisualStudioVersion = 10.0.40219.1
Project("{8BC9CEB8-8B4A-11D0-8D11-00A0C91BC942}") = "QRCode", "QRCode\QRCode.vcxproj", "{115B35F9-37C7-41EB-A9B6-62867AE9AA19}"
EndProject
Global
	GlobalSection(SolutionConfigurationPlatforms) = preSolution
		Debug|x64 = Debug|x64
		Debug|x86 = Debug|x86
		Release|x64 = Release|x64
		Release|x86 = Release|x86
	EndGlobalSection
	GlobalSection(ProjectConfigurationPlatforms) = postSolution
		{115B35F9-37C7-41EB-A9B6-62867AE9AA19}.Debug|x64.ActiveCfg = Debug|x64
		{115B35F9-37C7-41EB-A9B6-62867AE9AA19}.Debug|x64.Build.0 = Debug|x64
		{115B35F9-37C7-41EB-A9B6-62867AE9AA19}.Debug|x86.ActiveCfg = Debug|Win32
		{115B35F9-37C7-41EB-A9B6-62867AE9AA19}.Debug|x86.Build.0 = Debug|Win32
		{115B35F9-37C7-41EB-A9B6-62867AE9AA19}.Release|x64.ActiveCfg = Release|x64
		{115B35F9-37C7-41EB-A9B6-62867AE9AA19}.Release|x64.Build.0 = Release|x64
		{115B35F9-37C7-41EB-A9B6-62867AE9AA19}.Release|x86.ActiveCfg = Release|Win32
		{115B35F9-37C7-41EB-A9B6-62867AE9AA19}.Release|x86.Build.0 = Release|Win32
	EndGlobalSection
	GlobalSection(SolutionProperties) = preSolution
		HideSolutionNode = FALSE
	EndGlobalSection
	GlobalSection(ExtensibilityGlobals) = postSolution
		SolutionGuid = {532EFC74-DEB0-4850-97C6-9097CA212FDD}
	EndGlobalSection
EndGlobal
